
Microsoft Visual Studio Solution File, Format Version 12.00
# Visual Studio Version 16
VisualStudioVersion = 16.0.31729.503
MinimumVisualStudioVersion = 10.0.40219.1
Project("{9A19103F-16F7-4668-BE54-9A1E7A4F7556}") = "IntegratedWorklowLibrary", "IntegratedWorklowLibrary\IntegratedWorklowLibrary.csproj", "{619E751D-5FCE-46A4-99FA-2C83356D2771}"
EndProject
Project("{9A19103F-16F7-4668-BE54-9A1E7A4F7556}") = "DocumentProcessEditor", "DocumentProcessEditor\DocumentProcessEditor.csproj", "{D2F6FE3F-FF69-442F-982F-135E8DF75519}"
EndProject
Global
	GlobalSection(SolutionConfigurationPlatforms) = preSolution
		Debug|Any CPU = Debug|Any CPU
		Release|Any CPU = Release|Any CPU
	EndGlobalSection
	GlobalSection(ProjectConfigurationPlatforms) = postSolution
		{619E751D-5FCE-46A4-99FA-2C83356D2771}.Debug|Any CPU.ActiveCfg = Debug|Any CPU
		{619E751D-5FCE-46A4-99FA-2C83356D2771}.Debug|Any CPU.Build.0 = Debug|Any CPU
		{619E751D-5FCE-46A4-99FA-2C83356D2771}.Release|Any CPU.ActiveCfg = Release|Any CPU
		{619E751D-5FCE-46A4-99FA-2C83356D2771}.Release|Any CPU.Build.0 = Release|Any CPU
		{D2F6FE3F-FF69-442F-982F-135E8DF75519}.Debug|Any CPU.ActiveCfg = Debug|Any CPU
		{D2F6FE3F-FF69-442F-982F-135E8DF75519}.Debug|Any CPU.Build.0 = Debug|Any CPU
		{D2F6FE3F-FF69-442F-982F-135E8DF75519}.Release|Any CPU.ActiveCfg = Release|Any CPU
		{D2F6FE3F-FF69-442F-982F-135E8DF75519}.Release|Any CPU.Build.0 = Release|Any CPU
	EndGlobalSection
	GlobalSection(SolutionProperties) = preSolution
		HideSolutionNode = FALSE
	EndGlobalSection
	GlobalSection(ExtensibilityGlobals) = postSolution
		SolutionGuid = {3CF31F76-739B-41EC-8DF6-4C9220B0864E}
	EndGlobalSection
EndGlobal
