
Microsoft Visual Studio Solution File, Format Version 12.00
# Visual Studio Version 16
VisualStudioVersion = 16.0.31729.503
MinimumVisualStudioVersion = 10.0.40219.1
Project("{9A19103F-16F7-4668-BE54-9A1E7A4F7556}") = "DocumentProcessEditor", "DocumentProcessEditor\DocumentProcessEditor.csproj", "{D2F6FE3F-FF69-442F-982F-135E8DF75519}"
EndProject
Project("{9A19103F-16F7-4668-BE54-9A1E7A4F7556}") = "IntegratedWorkflowLibrary", "IntegratedWorkflowLibrary\IntegratedWorkflowLibrary.csproj", "{E8C737B3-F0F1-4D1A-A316-63AF2EFB27D4}"
EndProject
Project("{FAE04EC0-301F-11D3-BF4B-00C04F79EFBC}") = "IntegratedWorkflowWebUI", "IntegratedWorkflowWebUI\IntegratedWorkflowWebUI.csproj", "{AD540D43-14B4-4659-9CC3-E9515377C0B1}"
EndProject
Global
	GlobalSection(SolutionConfigurationPlatforms) = preSolution
		Debug|Any CPU = Debug|Any CPU
		Release|Any CPU = Release|Any CPU
	EndGlobalSection
	GlobalSection(ProjectConfigurationPlatforms) = postSolution
		{D2F6FE3F-FF69-442F-982F-135E8DF75519}.Debug|Any CPU.ActiveCfg = Debug|Any CPU
		{D2F6FE3F-FF69-442F-982F-135E8DF75519}.Debug|Any CPU.Build.0 = Debug|Any CPU
		{D2F6FE3F-FF69-442F-982F-135E8DF75519}.Release|Any CPU.ActiveCfg = Release|Any CPU
		{D2F6FE3F-FF69-442F-982F-135E8DF75519}.Release|Any CPU.Build.0 = Release|Any CPU
		{E8C737B3-F0F1-4D1A-A316-63AF2EFB27D4}.Debug|Any CPU.ActiveCfg = Debug|Any CPU
		{E8C737B3-F0F1-4D1A-A316-63AF2EFB27D4}.Debug|Any CPU.Build.0 = Debug|Any CPU
		{E8C737B3-F0F1-4D1A-A316-63AF2EFB27D4}.Release|Any CPU.ActiveCfg = Release|Any CPU
		{E8C737B3-F0F1-4D1A-A316-63AF2EFB27D4}.Release|Any CPU.Build.0 = Release|Any CPU
		{AD540D43-14B4-4659-9CC3-E9515377C0B1}.Debug|Any CPU.ActiveCfg = Debug|Any CPU
		{AD540D43-14B4-4659-9CC3-E9515377C0B1}.Debug|Any CPU.Build.0 = Debug|Any CPU
		{AD540D43-14B4-4659-9CC3-E9515377C0B1}.Release|Any CPU.ActiveCfg = Release|Any CPU
		{AD540D43-14B4-4659-9CC3-E9515377C0B1}.Release|Any CPU.Build.0 = Release|Any CPU
	EndGlobalSection
	GlobalSection(SolutionProperties) = preSolution
		HideSolutionNode = FALSE
	EndGlobalSection
	GlobalSection(ExtensibilityGlobals) = postSolution
		SolutionGuid = {3CF31F76-739B-41EC-8DF6-4C9220B0864E}
	EndGlobalSection
EndGlobal
